
Microsoft Visual Studio Solution File, Format Version 12.00
# Visual Studio Version 16
VisualStudioVersion = 16.0.31702.278
MinimumVisualStudioVersion = 10.0.40219.1
Project("{9A19103F-16F7-4668-BE54-9A1E7A4F7556}") = "NSSFPensionSystem", "NSSFPensionSystem\NSSFPensionSystem.csproj", "{1D36797A-3176-41C5-9DB8-52B0F121FA96}"
EndProject
Global
	GlobalSection(SolutionConfigurationPlatforms) = preSolution
		Debug|Any CPU = Debug|Any CPU
		Release|Any CPU = Release|Any CPU
	EndGlobalSection
	GlobalSection(ProjectConfigurationPlatforms) = postSolution
		{1D36797A-3176-41C5-9DB8-52B0F121FA96}.Debug|Any CPU.ActiveCfg = Debug|Any CPU
		{1D36797A-3176-41C5-9DB8-52B0F121FA96}.Debug|Any CPU.Build.0 = Debug|Any CPU
		{1D36797A-3176-41C5-9DB8-52B0F121FA96}.Release|Any CPU.ActiveCfg = Release|Any CPU
		{1D36797A-3176-41C5-9DB8-52B0F121FA96}.Release|Any CPU.Build.0 = Release|Any CPU
	EndGlobalSection
	GlobalSection(SolutionProperties) = preSolution
		HideSolutionNode = FALSE
	EndGlobalSection
	GlobalSection(ExtensibilityGlobals) = postSolution
		SolutionGuid = {E78BEE2A-A0CB-43B9-9C3E-60D9EBD02BE7}
	EndGlobalSection
EndGlobal
